
Microsoft Visual Studio Solution File, Format Version 12.00
# Visual Studio Version 17
VisualStudioVersion = 17.9.34728.123
MinimumVisualStudioVersion = 10.0.40219.1
Project("{FAE04EC0-301F-11D3-BF4B-00C04F79EFBC}") = "Exerciciosfor04", "Exerciciosfor04\Exerciciosfor04.csproj", "{775DC9FB-D31F-4E1F-BF46-99DF689CCC22}"
EndProject
Global
	GlobalSection(SolutionConfigurationPlatforms) = preSolution
		Debug|Any CPU = Debug|Any CPU
		Release|Any CPU = Release|Any CPU
	EndGlobalSection
	GlobalSection(ProjectConfigurationPlatforms) = postSolution
		{775DC9FB-D31F-4E1F-BF46-99DF689CCC22}.Debug|Any CPU.ActiveCfg = Debug|Any CPU
		{775DC9FB-D31F-4E1F-BF46-99DF689CCC22}.Debug|Any CPU.Build.0 = Debug|Any CPU
		{775DC9FB-D31F-4E1F-BF46-99DF689CCC22}.Release|Any CPU.ActiveCfg = Release|Any CPU
		{775DC9FB-D31F-4E1F-BF46-99DF689CCC22}.Release|Any CPU.Build.0 = Release|Any CPU
	EndGlobalSection
	GlobalSection(SolutionProperties) = preSolution
		HideSolutionNode = FALSE
	EndGlobalSection
	GlobalSection(ExtensibilityGlobals) = postSolution
		SolutionGuid = {760294B9-63CC-4B72-B7F4-2515F6B93B55}
	EndGlobalSection
EndGlobal
